// !$*UTF8*$!
{
	archiveVersion = 1;
	classes = {
	};
	objectVersion = 48;
	objects = {

/* Begin PBXBuildFile section */
		1658ECFF5DC4570260B087A6 /* Pods_ChotchkiesTests.framework in Frameworks */ = {isa = PBXBuildFile; fileRef = 0D350D96E36C7341D3920CFB /* Pods_ChotchkiesTests.framework */; };
		A2BE29B165FF0720EBFA0CA2 /* Pods_ChotchkiesUITests.framework in Frameworks */ = {isa = PBXBuildFile; fileRef = BFFB08150A8688A6DC89473D /* Pods_ChotchkiesUITests.framework */; };
		AD433E91205AF6AB00F62F8D /* WebViewController.swift in Sources */ = {isa = PBXBuildFile; fileRef = AD433E90205AF6AB00F62F8D /* WebViewController.swift */; };
		AD4D45E221645496002179BC /* Assets.xcassets in Resources */ = {isa = PBXBuildFile; fileRef = ADA9D989205A0E8300ADAA8A /* Assets.xcassets */; };
		AD4D45E321645497002179BC /* Assets.xcassets in Resources */ = {isa = PBXBuildFile; fileRef = ADA9D989205A0E8300ADAA8A /* Assets.xcassets */; };
		AD702ABD21602CC400BE461B /* AppIcon.appiconset in Resources */ = {isa = PBXBuildFile; fileRef = AD702ABC21602CC400BE461B /* AppIcon.appiconset */; };
		ADA9D983205A0E8300ADAA8A /* AppDelegate.swift in Sources */ = {isa = PBXBuildFile; fileRef = ADA9D982205A0E8300ADAA8A /* AppDelegate.swift */; };
		ADA9D985205A0E8300ADAA8A /* ViewController.swift in Sources */ = {isa = PBXBuildFile; fileRef = ADA9D984205A0E8300ADAA8A /* ViewController.swift */; };
		ADA9D988205A0E8300ADAA8A /* Main.storyboard in Resources */ = {isa = PBXBuildFile; fileRef = ADA9D986205A0E8300ADAA8A /* Main.storyboard */; };
		ADA9D98A205A0E8300ADAA8A /* Assets.xcassets in Resources */ = {isa = PBXBuildFile; fileRef = ADA9D989205A0E8300ADAA8A /* Assets.xcassets */; };
		ADA9D98D205A0E8300ADAA8A /* LaunchScreen.storyboard in Resources */ = {isa = PBXBuildFile; fileRef = ADA9D98B205A0E8300ADAA8A /* LaunchScreen.storyboard */; };
		ADA9D998205A0E8300ADAA8A /* ChotchkiesTests.swift in Sources */ = {isa = PBXBuildFile; fileRef = ADA9D997205A0E8300ADAA8A /* ChotchkiesTests.swift */; };
		ADA9D9A3205A0E8300ADAA8A /* ChotchkiesUITests.swift in Sources */ = {isa = PBXBuildFile; fileRef = ADA9D9A2205A0E8300ADAA8A /* ChotchkiesUITests.swift */; };
		ADED06F2215FF3CE000FA5B9 /* PageViewController.swift in Sources */ = {isa = PBXBuildFile; fileRef = ADED06F1215FF3CE000FA5B9 /* PageViewController.swift */; };
		ADED06F4215FF4B8000FA5B9 /* Article.swift in Sources */ = {isa = PBXBuildFile; fileRef = ADED06F3215FF4B8000FA5B9 /* Article.swift */; };
		ADED06F6215FFEEA000FA5B9 /* Bookmarks.plist in Resources */ = {isa = PBXBuildFile; fileRef = ADED06F5215FFEEA000FA5B9 /* Bookmarks.plist */; };
		ADED06F8216005EC000FA5B9 /* Bookmark.swift in Sources */ = {isa = PBXBuildFile; fileRef = ADED06F7216005EC000FA5B9 /* Bookmark.swift */; };
		ADF023862234443200EFE9A5 /* Marion.ttf in Resources */ = {isa = PBXBuildFile; fileRef = ADF023852234443200EFE9A5 /* Marion.ttf */; };
		C69F511E75AA0B9F5AE7C88D /* Pods_Chotchkies.framework in Frameworks */ = {isa = PBXBuildFile; fileRef = 9241F8189CBCA3456EB59C39 /* Pods_Chotchkies.framework */; };
/* End PBXBuildFile section */

/* Begin PBXContainerItemProxy section */
		ADA9D994205A0E8300ADAA8A /* PBXContainerItemProxy */ = {
			isa = PBXContainerItemProxy;
			containerPortal = ADA9D977205A0E8300ADAA8A /* Project object */;
			proxyType = 1;
			remoteGlobalIDString = ADA9D97E205A0E8300ADAA8A;
			remoteInfo = Chotchkies;
		};
		ADA9D99F205A0E8300ADAA8A /* PBXContainerItemProxy */ = {
			isa = PBXContainerItemProxy;
			containerPortal = ADA9D977205A0E8300ADAA8A /* Project object */;
			proxyType = 1;
			remoteGlobalIDString = ADA9D97E205A0E8300ADAA8A;
			remoteInfo = Chotchkies;
		};
/* End PBXContainerItemProxy section */

/* Begin PBXFileReference section */
		094C42D0F0822D24166345DB /* Pods-ChotchkiesUITests.debug.xcconfig */ = {isa = PBXFileReference; includeInIndex = 1; lastKnownFileType = text.xcconfig; name = "Pods-ChotchkiesUITests.debug.xcconfig"; path = "Pods/Target Support Files/Pods-ChotchkiesUITests/Pods-ChotchkiesUITests.debug.xcconfig"; sourceTree = "<group>"; };
		0D350D96E36C7341D3920CFB /* Pods_ChotchkiesTests.framework */ = {isa = PBXFileReference; explicitFileType = wrapper.framework; includeInIndex = 0; path = Pods_ChotchkiesTests.framework; sourceTree = BUILT_PRODUCTS_DIR; };
		4118446C5C90186BC3E2F8CE /* Pods-Chotchkies.debug.xcconfig */ = {isa = PBXFileReference; includeInIndex = 1; lastKnownFileType = text.xcconfig; name = "Pods-Chotchkies.debug.xcconfig"; path = "Pods/Target Support Files/Pods-Chotchkies/Pods-Chotchkies.debug.xcconfig"; sourceTree = "<group>"; };
		55019ED0CB8BD1ABD81BB9E2 /* Pods-ChotchkiesTests.release.xcconfig */ = {isa = PBXFileReference; includeInIndex = 1; lastKnownFileType = text.xcconfig; name = "Pods-ChotchkiesTests.release.xcconfig"; path = "Pods/Target Support Files/Pods-ChotchkiesTests/Pods-ChotchkiesTests.release.xcconfig"; sourceTree = "<group>"; };
		912878009ED1B1D5F0782F8A /* Pods-ChotchkiesUITests.release.xcconfig */ = {isa = PBXFileReference; includeInIndex = 1; lastKnownFileType = text.xcconfig; name = "Pods-ChotchkiesUITests.release.xcconfig"; path = "Pods/Target Support Files/Pods-ChotchkiesUITests/Pods-ChotchkiesUITests.release.xcconfig"; sourceTree = "<group>"; };
		9241F8189CBCA3456EB59C39 /* Pods_Chotchkies.framework */ = {isa = PBXFileReference; explicitFileType = wrapper.framework; includeInIndex = 0; path = Pods_Chotchkies.framework; sourceTree = BUILT_PRODUCTS_DIR; };
		AD433E90205AF6AB00F62F8D /* WebViewController.swift */ = {isa = PBXFileReference; lastKnownFileType = sourcecode.swift; path = WebViewController.swift; sourceTree = "<group>"; };
		AD702ABB2160224900BE461B /* Chotchkies.entitlements */ = {isa = PBXFileReference; lastKnownFileType = text.plist.entitlements; path = Chotchkies.entitlements; sourceTree = "<group>"; };
		AD702ABC21602CC400BE461B /* AppIcon.appiconset */ = {isa = PBXFileReference; lastKnownFileType = folder; name = AppIcon.appiconset; path = "../../iOS App Icon Template for Sketch [6.0]/AppIcon.appiconset"; sourceTree = "<group>"; };
		ADA9D97F205A0E8300ADAA8A /* Chotchkies.app */ = {isa = PBXFileReference; explicitFileType = wrapper.application; includeInIndex = 0; path = Chotchkies.app; sourceTree = BUILT_PRODUCTS_DIR; };
		ADA9D982205A0E8300ADAA8A /* AppDelegate.swift */ = {isa = PBXFileReference; lastKnownFileType = sourcecode.swift; path = AppDelegate.swift; sourceTree = "<group>"; };
		ADA9D984205A0E8300ADAA8A /* ViewController.swift */ = {isa = PBXFileReference; lastKnownFileType = sourcecode.swift; path = ViewController.swift; sourceTree = "<group>"; };
		ADA9D987205A0E8300ADAA8A /* Base */ = {isa = PBXFileReference; lastKnownFileType = file.storyboard; name = Base; path = Base.lproj/Main.storyboard; sourceTree = "<group>"; };
		ADA9D989205A0E8300ADAA8A /* Assets.xcassets */ = {isa = PBXFileReference; lastKnownFileType = folder.assetcatalog; path = Assets.xcassets; sourceTree = "<group>"; };
		ADA9D98C205A0E8300ADAA8A /* Base */ = {isa = PBXFileReference; lastKnownFileType = file.storyboard; name = Base; path = Base.lproj/LaunchScreen.storyboard; sourceTree = "<group>"; };
		ADA9D98E205A0E8300ADAA8A /* Info.plist */ = {isa = PBXFileReference; lastKnownFileType = text.plist.xml; path = Info.plist; sourceTree = "<group>"; };
		ADA9D993205A0E8300ADAA8A /* ChotchkiesTests.xctest */ = {isa = PBXFileReference; explicitFileType = wrapper.cfbundle; includeInIndex = 0; path = ChotchkiesTests.xctest; sourceTree = BUILT_PRODUCTS_DIR; };
		ADA9D997205A0E8300ADAA8A /* ChotchkiesTests.swift */ = {isa = PBXFileReference; lastKnownFileType = sourcecode.swift; path = ChotchkiesTests.swift; sourceTree = "<group>"; };
		ADA9D999205A0E8300ADAA8A /* Info.plist */ = {isa = PBXFileReference; lastKnownFileType = text.plist.xml; path = Info.plist; sourceTree = "<group>"; };
		ADA9D99E205A0E8300ADAA8A /* ChotchkiesUITests.xctest */ = {isa = PBXFileReference; explicitFileType = wrapper.cfbundle; includeInIndex = 0; path = ChotchkiesUITests.xctest; sourceTree = BUILT_PRODUCTS_DIR; };
		ADA9D9A2205A0E8300ADAA8A /* ChotchkiesUITests.swift */ = {isa = PBXFileReference; lastKnownFileType = sourcecode.swift; path = ChotchkiesUITests.swift; sourceTree = "<group>"; };
		ADA9D9A4205A0E8300ADAA8A /* Info.plist */ = {isa = PBXFileReference; lastKnownFileType = text.plist.xml; path = Info.plist; sourceTree = "<group>"; };
		ADED06F1215FF3CE000FA5B9 /* PageViewController.swift */ = {isa = PBXFileReference; lastKnownFileType = sourcecode.swift; path = PageViewController.swift; sourceTree = "<group>"; };
		ADED06F3215FF4B8000FA5B9 /* Article.swift */ = {isa = PBXFileReference; lastKnownFileType = sourcecode.swift; path = Article.swift; sourceTree = "<group>"; };
		ADED06F5215FFEEA000FA5B9 /* Bookmarks.plist */ = {isa = PBXFileReference; lastKnownFileType = text.plist.xml; path = Bookmarks.plist; sourceTree = "<group>"; };
		ADED06F7216005EC000FA5B9 /* Bookmark.swift */ = {isa = PBXFileReference; lastKnownFileType = sourcecode.swift; path = Bookmark.swift; sourceTree = "<group>"; };
		ADF023852234443200EFE9A5 /* Marion.ttf */ = {isa = PBXFileReference; lastKnownFileType = file; path = Marion.ttf; sourceTree = "<group>"; };
		BFFB08150A8688A6DC89473D /* Pods_ChotchkiesUITests.framework */ = {isa = PBXFileReference; explicitFileType = wrapper.framework; includeInIndex = 0; path = Pods_ChotchkiesUITests.framework; sourceTree = BUILT_PRODUCTS_DIR; };
		CBCD4BD1C8C6009B0F9EF70D /* Pods-ChotchkiesTests.debug.xcconfig */ = {isa = PBXFileReference; includeInIndex = 1; lastKnownFileType = text.xcconfig; name = "Pods-ChotchkiesTests.debug.xcconfig"; path = "Pods/Target Support Files/Pods-ChotchkiesTests/Pods-ChotchkiesTests.debug.xcconfig"; sourceTree = "<group>"; };
		F6C41975FDA5EAFFC9907DDD /* Pods-Chotchkies.release.xcconfig */ = {isa = PBXFileReference; includeInIndex = 1; lastKnownFileType = text.xcconfig; name = "Pods-Chotchkies.release.xcconfig"; path = "Pods/Target Support Files/Pods-Chotchkies/Pods-Chotchkies.release.xcconfig"; sourceTree = "<group>"; };
/* End PBXFileReference section */

/* Begin PBXFrameworksBuildPhase section */
		ADA9D97C205A0E8300ADAA8A /* Frameworks */ = {
			isa = PBXFrameworksBuildPhase;
			buildActionMask = 2147483647;
			files = (
				C69F511E75AA0B9F5AE7C88D /* Pods_Chotchkies.framework in Frameworks */,
			);
			runOnlyForDeploymentPostprocessing = 0;
		};
		ADA9D990205A0E8300ADAA8A /* Frameworks */ = {
			isa = PBXFrameworksBuildPhase;
			buildActionMask = 2147483647;
			files = (
				1658ECFF5DC4570260B087A6 /* Pods_ChotchkiesTests.framework in Frameworks */,
			);
			runOnlyForDeploymentPostprocessing = 0;
		};
		ADA9D99B205A0E8300ADAA8A /* Frameworks */ = {
			isa = PBXFrameworksBuildPhase;
			buildActionMask = 2147483647;
			files = (
				A2BE29B165FF0720EBFA0CA2 /* Pods_ChotchkiesUITests.framework in Frameworks */,
			);
			runOnlyForDeploymentPostprocessing = 0;
		};
/* End PBXFrameworksBuildPhase section */

/* Begin PBXGroup section */
		5B1A71A71D2A326DE71AA82E /* Frameworks */ = {
			isa = PBXGroup;
			children = (
				AD702ABC21602CC400BE461B /* AppIcon.appiconset */,
				9241F8189CBCA3456EB59C39 /* Pods_Chotchkies.framework */,
				0D350D96E36C7341D3920CFB /* Pods_ChotchkiesTests.framework */,
				BFFB08150A8688A6DC89473D /* Pods_ChotchkiesUITests.framework */,
			);
			name = Frameworks;
			sourceTree = "<group>";
		};
		ADA9D976205A0E8300ADAA8A = {
			isa = PBXGroup;
			children = (
				ADA9D981205A0E8300ADAA8A /* Chotchkies */,
				ADA9D996205A0E8300ADAA8A /* ChotchkiesTests */,
				ADA9D9A1205A0E8300ADAA8A /* ChotchkiesUITests */,
				ADA9D980205A0E8300ADAA8A /* Products */,
				CE1580DACAF8752C052C9845 /* Pods */,
				5B1A71A71D2A326DE71AA82E /* Frameworks */,
			);
			sourceTree = "<group>";
		};
		ADA9D980205A0E8300ADAA8A /* Products */ = {
			isa = PBXGroup;
			children = (
				ADA9D97F205A0E8300ADAA8A /* Chotchkies.app */,
				ADA9D993205A0E8300ADAA8A /* ChotchkiesTests.xctest */,
				ADA9D99E205A0E8300ADAA8A /* ChotchkiesUITests.xctest */,
			);
			name = Products;
			sourceTree = "<group>";
		};
		ADA9D981205A0E8300ADAA8A /* Chotchkies */ = {
			isa = PBXGroup;
			children = (
				ADF023852234443200EFE9A5 /* Marion.ttf */,
				AD702ABB2160224900BE461B /* Chotchkies.entitlements */,
				ADA9D982205A0E8300ADAA8A /* AppDelegate.swift */,
				AD433E90205AF6AB00F62F8D /* WebViewController.swift */,
				ADA9D984205A0E8300ADAA8A /* ViewController.swift */,
				ADED06F5215FFEEA000FA5B9 /* Bookmarks.plist */,
				ADED06F3215FF4B8000FA5B9 /* Article.swift */,
				ADED06F7216005EC000FA5B9 /* Bookmark.swift */,
				ADA9D986205A0E8300ADAA8A /* Main.storyboard */,
				ADED06F1215FF3CE000FA5B9 /* PageViewController.swift */,
				ADA9D989205A0E8300ADAA8A /* Assets.xcassets */,
				ADA9D98B205A0E8300ADAA8A /* LaunchScreen.storyboard */,
				ADA9D98E205A0E8300ADAA8A /* Info.plist */,
			);
			path = Chotchkies;
			sourceTree = "<group>";
		};
		ADA9D996205A0E8300ADAA8A /* ChotchkiesTests */ = {
			isa = PBXGroup;
			children = (
				ADA9D997205A0E8300ADAA8A /* ChotchkiesTests.swift */,
				ADA9D999205A0E8300ADAA8A /* Info.plist */,
			);
			path = ChotchkiesTests;
			sourceTree = "<group>";
		};
		ADA9D9A1205A0E8300ADAA8A /* ChotchkiesUITests */ = {
			isa = PBXGroup;
			children = (
				ADA9D9A2205A0E8300ADAA8A /* ChotchkiesUITests.swift */,
				ADA9D9A4205A0E8300ADAA8A /* Info.plist */,
			);
			path = ChotchkiesUITests;
			sourceTree = "<group>";
		};
		CE1580DACAF8752C052C9845 /* Pods */ = {
			isa = PBXGroup;
			children = (
				4118446C5C90186BC3E2F8CE /* Pods-Chotchkies.debug.xcconfig */,
				F6C41975FDA5EAFFC9907DDD /* Pods-Chotchkies.release.xcconfig */,
				CBCD4BD1C8C6009B0F9EF70D /* Pods-ChotchkiesTests.debug.xcconfig */,
				55019ED0CB8BD1ABD81BB9E2 /* Pods-ChotchkiesTests.release.xcconfig */,
				094C42D0F0822D24166345DB /* Pods-ChotchkiesUITests.debug.xcconfig */,
				912878009ED1B1D5F0782F8A /* Pods-ChotchkiesUITests.release.xcconfig */,
			);
			name = Pods;
			sourceTree = "<group>";
		};
/* End PBXGroup section */

/* Begin PBXNativeTarget section */
		ADA9D97E205A0E8300ADAA8A /* Chotchkies */ = {
			isa = PBXNativeTarget;
			buildConfigurationList = ADA9D9A7205A0E8300ADAA8A /* Build configuration list for PBXNativeTarget "Chotchkies" */;
			buildPhases = (
				9965D3322525E98ACF4618A5 /* [CP] Check Pods Manifest.lock */,
				ADA9D97B205A0E8300ADAA8A /* Sources */,
				ADA9D97C205A0E8300ADAA8A /* Frameworks */,
				ADA9D97D205A0E8300ADAA8A /* Resources */,
				376B163F0903B2CC818FD280 /* [CP] Embed Pods Frameworks */,
				9E40327B37C6D7FECBC380DB /* [CP] Copy Pods Resources */,
			);
			buildRules = (
			);
			dependencies = (
			);
			name = Chotchkies;
			productName = Chotchkies;
			productReference = ADA9D97F205A0E8300ADAA8A /* Chotchkies.app */;
			productType = "com.apple.product-type.application";
		};
		ADA9D992205A0E8300ADAA8A /* ChotchkiesTests */ = {
			isa = PBXNativeTarget;
			buildConfigurationList = ADA9D9AA205A0E8300ADAA8A /* Build configuration list for PBXNativeTarget "ChotchkiesTests" */;
			buildPhases = (
				43EB3D6B0BA71ACEF8FAE6EA /* [CP] Check Pods Manifest.lock */,
				ADA9D98F205A0E8300ADAA8A /* Sources */,
				ADA9D990205A0E8300ADAA8A /* Frameworks */,
				ADA9D991205A0E8300ADAA8A /* Resources */,
				7AF5819FC5E3EDFD6B90A398 /* [CP] Embed Pods Frameworks */,
				D89B1D7F18221079872277D5 /* [CP] Copy Pods Resources */,
			);
			buildRules = (
			);
			dependencies = (
				ADA9D995205A0E8300ADAA8A /* PBXTargetDependency */,
			);
			name = ChotchkiesTests;
			productName = ChotchkiesTests;
			productReference = ADA9D993205A0E8300ADAA8A /* ChotchkiesTests.xctest */;
			productType = "com.apple.product-type.bundle.unit-test";
		};
		ADA9D99D205A0E8300ADAA8A /* ChotchkiesUITests */ = {
			isa = PBXNativeTarget;
			buildConfigurationList = ADA9D9AD205A0E8300ADAA8A /* Build configuration list for PBXNativeTarget "ChotchkiesUITests" */;
			buildPhases = (
				7FC4B0A5BE1198EA51FC5C68 /* [CP] Check Pods Manifest.lock */,
				ADA9D99A205A0E8300ADAA8A /* Sources */,
				ADA9D99B205A0E8300ADAA8A /* Frameworks */,
				ADA9D99C205A0E8300ADAA8A /* Resources */,
				99F43311E7E87A69E4DA2D96 /* [CP] Embed Pods Frameworks */,
				542B834CEF7E316E50B5F83B /* [CP] Copy Pods Resources */,
			);
			buildRules = (
			);
			dependencies = (
				ADA9D9A0205A0E8300ADAA8A /* PBXTargetDependency */,
			);
			name = ChotchkiesUITests;
			productName = ChotchkiesUITests;
			productReference = ADA9D99E205A0E8300ADAA8A /* ChotchkiesUITests.xctest */;
			productType = "com.apple.product-type.bundle.ui-testing";
		};
/* End PBXNativeTarget section */

/* Begin PBXProject section */
		ADA9D977205A0E8300ADAA8A /* Project object */ = {
			isa = PBXProject;
			attributes = {
				LastSwiftUpdateCheck = 0920;
				LastUpgradeCheck = 0920;
				ORGANIZATIONNAME = "hello U";
				TargetAttributes = {
					ADA9D97E205A0E8300ADAA8A = {
						CreatedOnToolsVersion = 9.2;
						ProvisioningStyle = Automatic;
						SystemCapabilities = {
							com.apple.Push = {
								enabled = 1;
							};
						};
					};
					ADA9D992205A0E8300ADAA8A = {
						CreatedOnToolsVersion = 9.2;
						ProvisioningStyle = Automatic;
						TestTargetID = ADA9D97E205A0E8300ADAA8A;
					};
					ADA9D99D205A0E8300ADAA8A = {
						CreatedOnToolsVersion = 9.2;
						ProvisioningStyle = Automatic;
						TestTargetID = ADA9D97E205A0E8300ADAA8A;
					};
				};
			};
			buildConfigurationList = ADA9D97A205A0E8300ADAA8A /* Build configuration list for PBXProject "Chotchkies" */;
			compatibilityVersion = "Xcode 8.0";
			developmentRegion = en;
			hasScannedForEncodings = 0;
			knownRegions = (
				en,
				Base,
			);
			mainGroup = ADA9D976205A0E8300ADAA8A;
			productRefGroup = ADA9D980205A0E8300ADAA8A /* Products */;
			projectDirPath = "";
			projectRoot = "";
			targets = (
				ADA9D97E205A0E8300ADAA8A /* Chotchkies */,
				ADA9D992205A0E8300ADAA8A /* ChotchkiesTests */,
				ADA9D99D205A0E8300ADAA8A /* ChotchkiesUITests */,
			);
		};
/* End PBXProject section */

/* Begin PBXResourcesBuildPhase section */
		ADA9D97D205A0E8300ADAA8A /* Resources */ = {
			isa = PBXResourcesBuildPhase;
			buildActionMask = 2147483647;
			files = (
				ADA9D98D205A0E8300ADAA8A /* LaunchScreen.storyboard in Resources */,
				ADA9D98A205A0E8300ADAA8A /* Assets.xcassets in Resources */,
				ADED06F6215FFEEA000FA5B9 /* Bookmarks.plist in Resources */,
				AD702ABD21602CC400BE461B /* AppIcon.appiconset in Resources */,
				ADF023862234443200EFE9A5 /* Marion.ttf in Resources */,
				ADA9D988205A0E8300ADAA8A /* Main.storyboard in Resources */,
			);
			runOnlyForDeploymentPostprocessing = 0;
		};
		ADA9D991205A0E8300ADAA8A /* Resources */ = {
			isa = PBXResourcesBuildPhase;
			buildActionMask = 2147483647;
			files = (
				AD4D45E221645496002179BC /* Assets.xcassets in Resources */,
			);
			runOnlyForDeploymentPostprocessing = 0;
		};
		ADA9D99C205A0E8300ADAA8A /* Resources */ = {
			isa = PBXResourcesBuildPhase;
			buildActionMask = 2147483647;
			files = (
				AD4D45E321645497002179BC /* Assets.xcassets in Resources */,
			);
			runOnlyForDeploymentPostprocessing = 0;
		};
/* End PBXResourcesBuildPhase section */

/* Begin PBXShellScriptBuildPhase section */
		376B163F0903B2CC818FD280 /* [CP] Embed Pods Frameworks */ = {
			isa = PBXShellScriptBuildPhase;
			buildActionMask = 2147483647;
			files = (
			);
			inputPaths = (
				"${SRCROOT}/Pods/Target Support Files/Pods-Chotchkies/Pods-Chotchkies-frameworks.sh",
				"${BUILT_PRODUCTS_DIR}/FeedKit/FeedKit.framework",
				"${BUILT_PRODUCTS_DIR}/OG/OG.framework",
				"${BUILT_PRODUCTS_DIR}/Spring/Spring.framework",
			);
			name = "[CP] Embed Pods Frameworks";
			outputPaths = (
				"${TARGET_BUILD_DIR}/${FRAMEWORKS_FOLDER_PATH}/FeedKit.framework",
				"${TARGET_BUILD_DIR}/${FRAMEWORKS_FOLDER_PATH}/OG.framework",
				"${TARGET_BUILD_DIR}/${FRAMEWORKS_FOLDER_PATH}/Spring.framework",
			);
			runOnlyForDeploymentPostprocessing = 0;
			shellPath = /bin/sh;
			shellScript = "\"${SRCROOT}/Pods/Target Support Files/Pods-Chotchkies/Pods-Chotchkies-frameworks.sh\"\n";
			showEnvVarsInLog = 0;
		};
		43EB3D6B0BA71ACEF8FAE6EA /* [CP] Check Pods Manifest.lock */ = {
			isa = PBXShellScriptBuildPhase;
			buildActionMask = 2147483647;
			files = (
			);
			inputPaths = (
				"${PODS_PODFILE_DIR_PATH}/Podfile.lock",
				"${PODS_ROOT}/Manifest.lock",
			);
			name = "[CP] Check Pods Manifest.lock";
			outputPaths = (
				"$(DERIVED_FILE_DIR)/Pods-ChotchkiesTests-checkManifestLockResult.txt",
			);
			runOnlyForDeploymentPostprocessing = 0;
			shellPath = /bin/sh;
			shellScript = "diff \"${PODS_PODFILE_DIR_PATH}/Podfile.lock\" \"${PODS_ROOT}/Manifest.lock\" > /dev/null\nif [ $? != 0 ] ; then\n    # print error to STDERR\n    echo \"error: The sandbox is not in sync with the Podfile.lock. Run 'pod install' or update your CocoaPods installation.\" >&2\n    exit 1\nfi\n# This output is used by Xcode 'outputs' to avoid re-running this script phase.\necho \"SUCCESS\" > \"${SCRIPT_OUTPUT_FILE_0}\"\n";
			showEnvVarsInLog = 0;
		};
		542B834CEF7E316E50B5F83B /* [CP] Copy Pods Resources */ = {
			isa = PBXShellScriptBuildPhase;
			buildActionMask = 2147483647;
			files = (
			);
			inputPaths = (
			);
			name = "[CP] Copy Pods Resources";
			outputPaths = (
			);
			runOnlyForDeploymentPostprocessing = 0;
			shellPath = /bin/sh;
			shellScript = "\"${SRCROOT}/Pods/Target Support Files/Pods-ChotchkiesUITests/Pods-ChotchkiesUITests-resources.sh\"\n";
			showEnvVarsInLog = 0;
		};
		7AF5819FC5E3EDFD6B90A398 /* [CP] Embed Pods Frameworks */ = {
			isa = PBXShellScriptBuildPhase;
			buildActionMask = 2147483647;
			files = (
			);
			inputPaths = (
			);
			name = "[CP] Embed Pods Frameworks";
			outputPaths = (
			);
			runOnlyForDeploymentPostprocessing = 0;
			shellPath = /bin/sh;
			shellScript = "\"${SRCROOT}/Pods/Target Support Files/Pods-ChotchkiesTests/Pods-ChotchkiesTests-frameworks.sh\"\n";
			showEnvVarsInLog = 0;
		};
		7FC4B0A5BE1198EA51FC5C68 /* [CP] Check Pods Manifest.lock */ = {
			isa = PBXShellScriptBuildPhase;
			buildActionMask = 2147483647;
			files = (
			);
			inputPaths = (
				"${PODS_PODFILE_DIR_PATH}/Podfile.lock",
				"${PODS_ROOT}/Manifest.lock",
			);
			name = "[CP] Check Pods Manifest.lock";
			outputPaths = (
				"$(DERIVED_FILE_DIR)/Pods-ChotchkiesUITests-checkManifestLockResult.txt",
			);
			runOnlyForDeploymentPostprocessing = 0;
			shellPath = /bin/sh;
			shellScript = "diff \"${PODS_PODFILE_DIR_PATH}/Podfile.lock\" \"${PODS_ROOT}/Manifest.lock\" > /dev/null\nif [ $? != 0 ] ; then\n    # print error to STDERR\n    echo \"error: The sandbox is not in sync with the Podfile.lock. Run 'pod install' or update your CocoaPods installation.\" >&2\n    exit 1\nfi\n# This output is used by Xcode 'outputs' to avoid re-running this script phase.\necho \"SUCCESS\" > \"${SCRIPT_OUTPUT_FILE_0}\"\n";
			showEnvVarsInLog = 0;
		};
		9965D3322525E98ACF4618A5 /* [CP] Check Pods Manifest.lock */ = {
			isa = PBXShellScriptBuildPhase;
			buildActionMask = 2147483647;
			files = (
			);
			inputPaths = (
				"${PODS_PODFILE_DIR_PATH}/Podfile.lock",
				"${PODS_ROOT}/Manifest.lock",
			);
			name = "[CP] Check Pods Manifest.lock";
			outputPaths = (
				"$(DERIVED_FILE_DIR)/Pods-Chotchkies-checkManifestLockResult.txt",
			);
			runOnlyForDeploymentPostprocessing = 0;
			shellPath = /bin/sh;
			shellScript = "diff \"${PODS_PODFILE_DIR_PATH}/Podfile.lock\" \"${PODS_ROOT}/Manifest.lock\" > /dev/null\nif [ $? != 0 ] ; then\n    # print error to STDERR\n    echo \"error: The sandbox is not in sync with the Podfile.lock. Run 'pod install' or update your CocoaPods installation.\" >&2\n    exit 1\nfi\n# This output is used by Xcode 'outputs' to avoid re-running this script phase.\necho \"SUCCESS\" > \"${SCRIPT_OUTPUT_FILE_0}\"\n";
			showEnvVarsInLog = 0;
		};
		99F43311E7E87A69E4DA2D96 /* [CP] Embed Pods Frameworks */ = {
			isa = PBXShellScriptBuildPhase;
			buildActionMask = 2147483647;
			files = (
			);
			inputPaths = (
			);
			name = "[CP] Embed Pods Frameworks";
			outputPaths = (
			);
			runOnlyForDeploymentPostprocessing = 0;
			shellPath = /bin/sh;
			shellScript = "\"${SRCROOT}/Pods/Target Support Files/Pods-ChotchkiesUITests/Pods-ChotchkiesUITests-frameworks.sh\"\n";
			showEnvVarsInLog = 0;
		};
		9E40327B37C6D7FECBC380DB /* [CP] Copy Pods Resources */ = {
			isa = PBXShellScriptBuildPhase;
			buildActionMask = 2147483647;
			files = (
			);
			inputPaths = (
			);
			name = "[CP] Copy Pods Resources";
			outputPaths = (
			);
			runOnlyForDeploymentPostprocessing = 0;
			shellPath = /bin/sh;
			shellScript = "\"${SRCROOT}/Pods/Target Support Files/Pods-Chotchkies/Pods-Chotchkies-resources.sh\"\n";
			showEnvVarsInLog = 0;
		};
		D89B1D7F18221079872277D5 /* [CP] Copy Pods Resources */ = {
			isa = PBXShellScriptBuildPhase;
			buildActionMask = 2147483647;
			files = (
			);
			inputPaths = (
			);
			name = "[CP] Copy Pods Resources";
			outputPaths = (
			);
			runOnlyForDeploymentPostprocessing = 0;
			shellPath = /bin/sh;
			shellScript = "\"${SRCROOT}/Pods/Target Support Files/Pods-ChotchkiesTests/Pods-ChotchkiesTests-resources.sh\"\n";
			showEnvVarsInLog = 0;
		};
/* End PBXShellScriptBuildPhase section */

/* Begin PBXSourcesBuildPhase section */
		ADA9D97B205A0E8300ADAA8A /* Sources */ = {
			isa = PBXSourcesBuildPhase;
			buildActionMask = 2147483647;
			files = (
				ADA9D985205A0E8300ADAA8A /* ViewController.swift in Sources */,
				AD433E91205AF6AB00F62F8D /* WebViewController.swift in Sources */,
				ADA9D983205A0E8300ADAA8A /* AppDelegate.swift in Sources */,
				ADED06F2215FF3CE000FA5B9 /* PageViewController.swift in Sources */,
				ADED06F4215FF4B8000FA5B9 /* Article.swift in Sources */,
				ADED06F8216005EC000FA5B9 /* Bookmark.swift in Sources */,
			);
			runOnlyForDeploymentPostprocessing = 0;
		};
		ADA9D98F205A0E8300ADAA8A /* Sources */ = {
			isa = PBXSourcesBuildPhase;
			buildActionMask = 2147483647;
			files = (
				ADA9D998205A0E8300ADAA8A /* ChotchkiesTests.swift in Sources */,
			);
			runOnlyForDeploymentPostprocessing = 0;
		};
		ADA9D99A205A0E8300ADAA8A /* Sources */ = {
			isa = PBXSourcesBuildPhase;
			buildActionMask = 2147483647;
			files = (
				ADA9D9A3205A0E8300ADAA8A /* ChotchkiesUITests.swift in Sources */,
			);
			runOnlyForDeploymentPostprocessing = 0;
		};
/* End PBXSourcesBuildPhase section */

/* Begin PBXTargetDependency section */
		ADA9D995205A0E8300ADAA8A /* PBXTargetDependency */ = {
			isa = PBXTargetDependency;
			target = ADA9D97E205A0E8300ADAA8A /* Chotchkies */;
			targetProxy = ADA9D994205A0E8300ADAA8A /* PBXContainerItemProxy */;
		};
		ADA9D9A0205A0E8300ADAA8A /* PBXTargetDependency */ = {
			isa = PBXTargetDependency;
			target = ADA9D97E205A0E8300ADAA8A /* Chotchkies */;
			targetProxy = ADA9D99F205A0E8300ADAA8A /* PBXContainerItemProxy */;
		};
/* End PBXTargetDependency section */

/* Begin PBXVariantGroup section */
		ADA9D986205A0E8300ADAA8A /* Main.storyboard */ = {
			isa = PBXVariantGroup;
			children = (
				ADA9D987205A0E8300ADAA8A /* Base */,
			);
			name = Main.storyboard;
			sourceTree = "<group>";
		};
		ADA9D98B205A0E8300ADAA8A /* LaunchScreen.storyboard */ = {
			isa = PBXVariantGroup;
			children = (
				ADA9D98C205A0E8300ADAA8A /* Base */,
			);
			name = LaunchScreen.storyboard;
			sourceTree = "<group>";
		};
/* End PBXVariantGroup section */

/* Begin XCBuildConfiguration section */
		ADA9D9A5205A0E8300ADAA8A /* Debug */ = {
			isa = XCBuildConfiguration;
			buildSettings = {
				ALWAYS_SEARCH_USER_PATHS = NO;
				CLANG_ANALYZER_NONNULL = YES;
				CLANG_ANALYZER_NUMBER_OBJECT_CONVERSION = YES_AGGRESSIVE;
				CLANG_CXX_LANGUAGE_STANDARD = "gnu++14";
				CLANG_CXX_LIBRARY = "libc++";
				CLANG_ENABLE_MODULES = YES;
				CLANG_ENABLE_OBJC_ARC = YES;
				CLANG_WARN_BLOCK_CAPTURE_AUTORELEASING = YES;
				CLANG_WARN_BOOL_CONVERSION = YES;
				CLANG_WARN_COMMA = YES;
				CLANG_WARN_CONSTANT_CONVERSION = YES;
				CLANG_WARN_DIRECT_OBJC_ISA_USAGE = YES_ERROR;
				CLANG_WARN_DOCUMENTATION_COMMENTS = YES;
				CLANG_WARN_EMPTY_BODY = YES;
				CLANG_WARN_ENUM_CONVERSION = YES;
				CLANG_WARN_INFINITE_RECURSION = YES;
				CLANG_WARN_INT_CONVERSION = YES;
				CLANG_WARN_NON_LITERAL_NULL_CONVERSION = YES;
				CLANG_WARN_OBJC_LITERAL_CONVERSION = YES;
				CLANG_WARN_OBJC_ROOT_CLASS = YES_ERROR;
				CLANG_WARN_RANGE_LOOP_ANALYSIS = YES;
				CLANG_WARN_STRICT_PROTOTYPES = YES;
				CLANG_WARN_SUSPICIOUS_MOVE = YES;
				CLANG_WARN_UNGUARDED_AVAILABILITY = YES_AGGRESSIVE;
				CLANG_WARN_UNREACHABLE_CODE = YES;
				CLANG_WARN__DUPLICATE_METHOD_MATCH = YES;
				CODE_SIGN_IDENTITY = "iPhone Developer";
				COPY_PHASE_STRIP = NO;
				DEBUG_INFORMATION_FORMAT = dwarf;
				ENABLE_STRICT_OBJC_MSGSEND = YES;
				ENABLE_TESTABILITY = YES;
				GCC_C_LANGUAGE_STANDARD = gnu11;
				GCC_DYNAMIC_NO_PIC = NO;
				GCC_NO_COMMON_BLOCKS = YES;
				GCC_OPTIMIZATION_LEVEL = 0;
				GCC_PREPROCESSOR_DEFINITIONS = (
					"DEBUG=1",
					"$(inherited)",
				);
				GCC_WARN_64_TO_32_BIT_CONVERSION = YES;
				GCC_WARN_ABOUT_RETURN_TYPE = YES_ERROR;
				GCC_WARN_UNDECLARED_SELECTOR = YES;
				GCC_WARN_UNINITIALIZED_AUTOS = YES_AGGRESSIVE;
				GCC_WARN_UNUSED_FUNCTION = YES;
				GCC_WARN_UNUSED_VARIABLE = YES;
				IPHONEOS_DEPLOYMENT_TARGET = 11.2;
				MTL_ENABLE_DEBUG_INFO = YES;
				ONLY_ACTIVE_ARCH = YES;
				SDKROOT = iphoneos;
				SWIFT_ACTIVE_COMPILATION_CONDITIONS = DEBUG;
				SWIFT_OPTIMIZATION_LEVEL = "-Onone";
			};
			name = Debug;
		};
		ADA9D9A6205A0E8300ADAA8A /* Release */ = {
			isa = XCBuildConfiguration;
			buildSettings = {
				ALWAYS_SEARCH_USER_PATHS = NO;
				CLANG_ANALYZER_NONNULL = YES;
				CLANG_ANALYZER_NUMBER_OBJECT_CONVERSION = YES_AGGRESSIVE;
				CLANG_CXX_LANGUAGE_STANDARD = "gnu++14";
				CLANG_CXX_LIBRARY = "libc++";
				CLANG_ENABLE_MODULES = YES;
				CLANG_ENABLE_OBJC_ARC = YES;
				CLANG_WARN_BLOCK_CAPTURE_AUTORELEASING = YES;
				CLANG_WARN_BOOL_CONVERSION = YES;
				CLANG_WARN_COMMA = YES;
				CLANG_WARN_CONSTANT_CONVERSION = YES;
				CLANG_WARN_DIRECT_OBJC_ISA_USAGE = YES_ERROR;
				CLANG_WARN_DOCUMENTATION_COMMENTS = YES;
				CLANG_WARN_EMPTY_BODY = YES;
				CLANG_WARN_ENUM_CONVERSION = YES;
				CLANG_WARN_INFINITE_RECURSION = YES;
				CLANG_WARN_INT_CONVERSION = YES;
				CLANG_WARN_NON_LITERAL_NULL_CONVERSION = YES;
				CLANG_WARN_OBJC_LITERAL_CONVERSION = YES;
				CLANG_WARN_OBJC_ROOT_CLASS = YES_ERROR;
				CLANG_WARN_RANGE_LOOP_ANALYSIS = YES;
				CLANG_WARN_STRICT_PROTOTYPES = YES;
				CLANG_WARN_SUSPICIOUS_MOVE = YES;
				CLANG_WARN_UNGUARDED_AVAILABILITY = YES_AGGRESSIVE;
				CLANG_WARN_UNREACHABLE_CODE = YES;
				CLANG_WARN__DUPLICATE_METHOD_MATCH = YES;
				CODE_SIGN_IDENTITY = "iPhone Developer";
				COPY_PHASE_STRIP = NO;
				DEBUG_INFORMATION_FORMAT = "dwarf-with-dsym";
				ENABLE_NS_ASSERTIONS = NO;
				ENABLE_STRICT_OBJC_MSGSEND = YES;
				GCC_C_LANGUAGE_STANDARD = gnu11;
				GCC_NO_COMMON_BLOCKS = YES;
				GCC_WARN_64_TO_32_BIT_CONVERSION = YES;
				GCC_WARN_ABOUT_RETURN_TYPE = YES_ERROR;
				GCC_WARN_UNDECLARED_SELECTOR = YES;
				GCC_WARN_UNINITIALIZED_AUTOS = YES_AGGRESSIVE;
				GCC_WARN_UNUSED_FUNCTION = YES;
				GCC_WARN_UNUSED_VARIABLE = YES;
				IPHONEOS_DEPLOYMENT_TARGET = 11.2;
				MTL_ENABLE_DEBUG_INFO = NO;
				SDKROOT = iphoneos;
				SWIFT_OPTIMIZATION_LEVEL = "-Owholemodule";
				VALIDATE_PRODUCT = YES;
			};
			name = Release;
		};
		ADA9D9A8205A0E8300ADAA8A /* Debug */ = {
			isa = XCBuildConfiguration;
			baseConfigurationReference = 4118446C5C90186BC3E2F8CE /* Pods-Chotchkies.debug.xcconfig */;
			buildSettings = {
				ASSETCATALOG_COMPILER_APPICON_NAME = AppIcon;
				CODE_SIGN_ENTITLEMENTS = Chotchkies/Chotchkies.entitlements;
				CODE_SIGN_STYLE = Automatic;
				DEVELOPMENT_TEAM = FBYR25582N;
				INFOPLIST_FILE = Chotchkies/Info.plist;
				IPHONEOS_DEPLOYMENT_TARGET = 10.0;
				LD_RUNPATH_SEARCH_PATHS = "$(inherited) @executable_path/Frameworks";
				PRODUCT_BUNDLE_IDENTIFIER = io.helloU.TipTap;
				PRODUCT_NAME = "$(TARGET_NAME)";
				SWIFT_VERSION = 4.0;
				TARGETED_DEVICE_FAMILY = "1,2";
			};
			name = Debug;
		};
		ADA9D9A9205A0E8300ADAA8A /* Release */ = {
			isa = XCBuildConfiguration;
			baseConfigurationReference = F6C41975FDA5EAFFC9907DDD /* Pods-Chotchkies.release.xcconfig */;
			buildSettings = {
				ASSETCATALOG_COMPILER_APPICON_NAME = AppIcon;
				CODE_SIGN_ENTITLEMENTS = Chotchkies/Chotchkies.entitlements;
				CODE_SIGN_STYLE = Automatic;
				DEVELOPMENT_TEAM = FBYR25582N;
				INFOPLIST_FILE = Chotchkies/Info.plist;
				IPHONEOS_DEPLOYMENT_TARGET = 10.0;
				LD_RUNPATH_SEARCH_PATHS = "$(inherited) @executable_path/Frameworks";
				PRODUCT_BUNDLE_IDENTIFIER = io.helloU.TipTap;
				PRODUCT_NAME = "$(TARGET_NAME)";
				SWIFT_VERSION = 4.0;
				TARGETED_DEVICE_FAMILY = "1,2";
			};
			name = Release;
		};
		ADA9D9AB205A0E8300ADAA8A /* Debug */ = {
			isa = XCBuildConfiguration;
			baseConfigurationReference = CBCD4BD1C8C6009B0F9EF70D /* Pods-ChotchkiesTests.debug.xcconfig */;
			buildSettings = {
				ALWAYS_EMBED_SWIFT_STANDARD_LIBRARIES = YES;
				BUNDLE_LOADER = "$(TEST_HOST)";
				CODE_SIGN_STYLE = Automatic;
				DEVELOPMENT_TEAM = V5M2Z56ATV;
				INFOPLIST_FILE = ChotchkiesTests/Info.plist;
				LD_RUNPATH_SEARCH_PATHS = "$(inherited) @executable_path/Frameworks @loader_path/Frameworks";
				PRODUCT_BUNDLE_IDENTIFIER = io.helloU.ChotchkiesTests;
				PRODUCT_NAME = "$(TARGET_NAME)";
				SWIFT_VERSION = 4.0;
				TARGETED_DEVICE_FAMILY = "1,2";
				TEST_HOST = "$(BUILT_PRODUCTS_DIR)/Chotchkies.app/Chotchkies";
			};
			name = Debug;
		};
		ADA9D9AC205A0E8300ADAA8A /* Release */ = {
			isa = XCBuildConfiguration;
			baseConfigurationReference = 55019ED0CB8BD1ABD81BB9E2 /* Pods-ChotchkiesTests.release.xcconfig */;
			buildSettings = {
				ALWAYS_EMBED_SWIFT_STANDARD_LIBRARIES = YES;
				BUNDLE_LOADER = "$(TEST_HOST)";
				CODE_SIGN_STYLE = Automatic;
				DEVELOPMENT_TEAM = V5M2Z56ATV;
				INFOPLIST_FILE = ChotchkiesTests/Info.plist;
				LD_RUNPATH_SEARCH_PATHS = "$(inherited) @executable_path/Frameworks @loader_path/Frameworks";
				PRODUCT_BUNDLE_IDENTIFIER = io.helloU.ChotchkiesTests;
				PRODUCT_NAME = "$(TARGET_NAME)";
				SWIFT_VERSION = 4.0;
				TARGETED_DEVICE_FAMILY = "1,2";
				TEST_HOST = "$(BUILT_PRODUCTS_DIR)/Chotchkies.app/Chotchkies";
			};
			name = Release;
		};
		ADA9D9AE205A0E8300ADAA8A /* Debug */ = {
			isa = XCBuildConfiguration;
			baseConfigurationReference = 094C42D0F0822D24166345DB /* Pods-ChotchkiesUITests.debug.xcconfig */;
			buildSettings = {
				ALWAYS_EMBED_SWIFT_STANDARD_LIBRARIES = YES;
				CODE_SIGN_STYLE = Automatic;
				DEVELOPMENT_TEAM = V5M2Z56ATV;
				INFOPLIST_FILE = ChotchkiesUITests/Info.plist;
				LD_RUNPATH_SEARCH_PATHS = "$(inherited) @executable_path/Frameworks @loader_path/Frameworks";
				PRODUCT_BUNDLE_IDENTIFIER = io.helloU.ChotchkiesUITests;
				PRODUCT_NAME = "$(TARGET_NAME)";
				SWIFT_VERSION = 4.0;
				TARGETED_DEVICE_FAMILY = "1,2";
				TEST_TARGET_NAME = Chotchkies;
			};
			name = Debug;
		};
		ADA9D9AF205A0E8300ADAA8A /* Release */ = {
			isa = XCBuildConfiguration;
			baseConfigurationReference = 912878009ED1B1D5F0782F8A /* Pods-ChotchkiesUITests.release.xcconfig */;
			buildSettings = {
				ALWAYS_EMBED_SWIFT_STANDARD_LIBRARIES = YES;
				CODE_SIGN_STYLE = Automatic;
				DEVELOPMENT_TEAM = V5M2Z56ATV;
				INFOPLIST_FILE = ChotchkiesUITests/Info.plist;
				LD_RUNPATH_SEARCH_PATHS = "$(inherited) @executable_path/Frameworks @loader_path/Frameworks";
				PRODUCT_BUNDLE_IDENTIFIER = io.helloU.ChotchkiesUITests;
				PRODUCT_NAME = "$(TARGET_NAME)";
				SWIFT_VERSION = 4.0;
				TARGETED_DEVICE_FAMILY = "1,2";
				TEST_TARGET_NAME = Chotchkies;
			};
			name = Release;
		};
/* End XCBuildConfiguration section */

/* Begin XCConfigurationList section */
		ADA9D97A205A0E8300ADAA8A /* Build configuration list for PBXProject "Chotchkies" */ = {
			isa = XCConfigurationList;
			buildConfigurations = (
				ADA9D9A5205A0E8300ADAA8A /* Debug */,
				ADA9D9A6205A0E8300ADAA8A /* Release */,
			);
			defaultConfigurationIsVisible = 0;
			defaultConfigurationName = Release;
		};
		ADA9D9A7205A0E8300ADAA8A /* Build configuration list for PBXNativeTarget "Chotchkies" */ = {
			isa = XCConfigurationList;
			buildConfigurations = (
				ADA9D9A8205A0E8300ADAA8A /* Debug */,
				ADA9D9A9205A0E8300ADAA8A /* Release */,
			);
			defaultConfigurationIsVisible = 0;
			defaultConfigurationName = Release;
		};
		ADA9D9AA205A0E8300ADAA8A /* Build configuration list for PBXNativeTarget "ChotchkiesTests" */ = {
			isa = XCConfigurationList;
			buildConfigurations = (
				ADA9D9AB205A0E8300ADAA8A /* Debug */,
				ADA9D9AC205A0E8300ADAA8A /* Release */,
			);
			defaultConfigurationIsVisible = 0;
			defaultConfigurationName = Release;
		};
		ADA9D9AD205A0E8300ADAA8A /* Build configuration list for PBXNativeTarget "ChotchkiesUITests" */ = {
			isa = XCConfigurationList;
			buildConfigurations = (
				ADA9D9AE205A0E8300ADAA8A /* Debug */,
				ADA9D9AF205A0E8300ADAA8A /* Release */,
			);
			defaultConfigurationIsVisible = 0;
			defaultConfigurationName = Release;
		};
/* End XCConfigurationList section */
	};
	rootObject = ADA9D977205A0E8300ADAA8A /* Project object */;
}
